
Microsoft Visual Studio Solution File, Format Version 12.00
# Visual Studio 14
VisualStudioVersion = 14.0.25420.1
MinimumVisualStudioVersion = 10.0.40219.1
Project("{FAE04EC0-301F-11D3-BF4B-00C04F79EFBC}") = "Lizzie.Ui", "Lizzie.Ui\Lizzie.Ui.csproj", "{EAC2747F-C6CA-4CBC-8EAB-1B39D12DA6B2}"
EndProject
Project("{FAE04EC0-301F-11D3-BF4B-00C04F79EFBC}") = "Lizzie.Core", "Lizzie.Core\Lizzie.Core.csproj", "{DB803D9E-507C-48FE-BB3E-06D0811D4262}"
EndProject
Project("{FAE04EC0-301F-11D3-BF4B-00C04F79EFBC}") = "Lizzie.Data", "Lizzie.Data\Lizzie.Data.csproj", "{4929A27C-19FD-4500-9BCE-F82A989A1564}"
EndProject
Project("{FAE04EC0-301F-11D3-BF4B-00C04F79EFBC}") = "Lizzie.Speech", "Lizzie.Speech\Lizzie.Speech.csproj", "{E9A7FCCF-6AA2-4612-8745-7A3C7A8DB6BE}"
EndProject
Project("{FAE04EC0-301F-11D3-BF4B-00C04F79EFBC}") = "Lizzie.Core.Tests", "Lizzie.Core.Tests\Lizzie.Core.Tests.csproj", "{825AAC3F-88D0-4041-BCE0-C83BFD0697D5}"
EndProject
Project("{FAE04EC0-301F-11D3-BF4B-00C04F79EFBC}") = "Lizzie.Tests.Runner", "Lizzie.Tests.Runner\Lizzie.Tests.Runner.csproj", "{517E918B-7092-4749-8A99-CFBEFCC0CBDA}"
EndProject
Project("{2150E333-8FDC-42A3-9474-1A3956D46DE8}") = "Documents", "Documents", "{187EC91F-ABEF-4992-8A9F-5C53FD697879}"
	ProjectSection(SolutionItems) = preProject
		Documents\RoughPad.xlsx = Documents\RoughPad.xlsx
	EndProjectSection
EndProject
Global
	GlobalSection(SolutionConfigurationPlatforms) = preSolution
		Debug|Any CPU = Debug|Any CPU
		Debug|ARM = Debug|ARM
		Debug|x64 = Debug|x64
		Debug|x86 = Debug|x86
		Release|Any CPU = Release|Any CPU
		Release|ARM = Release|ARM
		Release|x64 = Release|x64
		Release|x86 = Release|x86
	EndGlobalSection
	GlobalSection(ProjectConfigurationPlatforms) = postSolution
		{EAC2747F-C6CA-4CBC-8EAB-1B39D12DA6B2}.Debug|Any CPU.ActiveCfg = Debug|x86
		{EAC2747F-C6CA-4CBC-8EAB-1B39D12DA6B2}.Debug|ARM.ActiveCfg = Debug|ARM
		{EAC2747F-C6CA-4CBC-8EAB-1B39D12DA6B2}.Debug|ARM.Build.0 = Debug|ARM
		{EAC2747F-C6CA-4CBC-8EAB-1B39D12DA6B2}.Debug|ARM.Deploy.0 = Debug|ARM
		{EAC2747F-C6CA-4CBC-8EAB-1B39D12DA6B2}.Debug|x64.ActiveCfg = Debug|x64
		{EAC2747F-C6CA-4CBC-8EAB-1B39D12DA6B2}.Debug|x64.Build.0 = Debug|x64
		{EAC2747F-C6CA-4CBC-8EAB-1B39D12DA6B2}.Debug|x64.Deploy.0 = Debug|x64
		{EAC2747F-C6CA-4CBC-8EAB-1B39D12DA6B2}.Debug|x86.ActiveCfg = Debug|x86
		{EAC2747F-C6CA-4CBC-8EAB-1B39D12DA6B2}.Debug|x86.Build.0 = Debug|x86
		{EAC2747F-C6CA-4CBC-8EAB-1B39D12DA6B2}.Debug|x86.Deploy.0 = Debug|x86
		{EAC2747F-C6CA-4CBC-8EAB-1B39D12DA6B2}.Release|Any CPU.ActiveCfg = Release|x86
		{EAC2747F-C6CA-4CBC-8EAB-1B39D12DA6B2}.Release|ARM.ActiveCfg = Release|ARM
		{EAC2747F-C6CA-4CBC-8EAB-1B39D12DA6B2}.Release|ARM.Build.0 = Release|ARM
		{EAC2747F-C6CA-4CBC-8EAB-1B39D12DA6B2}.Release|ARM.Deploy.0 = Release|ARM
		{EAC2747F-C6CA-4CBC-8EAB-1B39D12DA6B2}.Release|x64.ActiveCfg = Release|x64
		{EAC2747F-C6CA-4CBC-8EAB-1B39D12DA6B2}.Release|x64.Build.0 = Release|x64
		{EAC2747F-C6CA-4CBC-8EAB-1B39D12DA6B2}.Release|x64.Deploy.0 = Release|x64
		{EAC2747F-C6CA-4CBC-8EAB-1B39D12DA6B2}.Release|x86.ActiveCfg = Release|x86
		{EAC2747F-C6CA-4CBC-8EAB-1B39D12DA6B2}.Release|x86.Build.0 = Release|x86
		{EAC2747F-C6CA-4CBC-8EAB-1B39D12DA6B2}.Release|x86.Deploy.0 = Release|x86
		{DB803D9E-507C-48FE-BB3E-06D0811D4262}.Debug|Any CPU.ActiveCfg = Debug|Any CPU
		{DB803D9E-507C-48FE-BB3E-06D0811D4262}.Debug|Any CPU.Build.0 = Debug|Any CPU
		{DB803D9E-507C-48FE-BB3E-06D0811D4262}.Debug|ARM.ActiveCfg = Debug|ARM
		{DB803D9E-507C-48FE-BB3E-06D0811D4262}.Debug|ARM.Build.0 = Debug|ARM
		{DB803D9E-507C-48FE-BB3E-06D0811D4262}.Debug|x64.ActiveCfg = Debug|x64
		{DB803D9E-507C-48FE-BB3E-06D0811D4262}.Debug|x64.Build.0 = Debug|x64
		{DB803D9E-507C-48FE-BB3E-06D0811D4262}.Debug|x86.ActiveCfg = Debug|x86
		{DB803D9E-507C-48FE-BB3E-06D0811D4262}.Debug|x86.Build.0 = Debug|x86
		{DB803D9E-507C-48FE-BB3E-06D0811D4262}.Release|Any CPU.ActiveCfg = Release|Any CPU
		{DB803D9E-507C-48FE-BB3E-06D0811D4262}.Release|Any CPU.Build.0 = Release|Any CPU
		{DB803D9E-507C-48FE-BB3E-06D0811D4262}.Release|ARM.ActiveCfg = Release|ARM
		{DB803D9E-507C-48FE-BB3E-06D0811D4262}.Release|ARM.Build.0 = Release|ARM
		{DB803D9E-507C-48FE-BB3E-06D0811D4262}.Release|x64.ActiveCfg = Release|x64
		{DB803D9E-507C-48FE-BB3E-06D0811D4262}.Release|x64.Build.0 = Release|x64
		{DB803D9E-507C-48FE-BB3E-06D0811D4262}.Release|x86.ActiveCfg = Release|x86
		{DB803D9E-507C-48FE-BB3E-06D0811D4262}.Release|x86.Build.0 = Release|x86
		{4929A27C-19FD-4500-9BCE-F82A989A1564}.Debug|Any CPU.ActiveCfg = Debug|Any CPU
		{4929A27C-19FD-4500-9BCE-F82A989A1564}.Debug|Any CPU.Build.0 = Debug|Any CPU
		{4929A27C-19FD-4500-9BCE-F82A989A1564}.Debug|ARM.ActiveCfg = Debug|ARM
		{4929A27C-19FD-4500-9BCE-F82A989A1564}.Debug|ARM.Build.0 = Debug|ARM
		{4929A27C-19FD-4500-9BCE-F82A989A1564}.Debug|x64.ActiveCfg = Debug|x64
		{4929A27C-19FD-4500-9BCE-F82A989A1564}.Debug|x64.Build.0 = Debug|x64
		{4929A27C-19FD-4500-9BCE-F82A989A1564}.Debug|x86.ActiveCfg = Debug|x86
		{4929A27C-19FD-4500-9BCE-F82A989A1564}.Debug|x86.Build.0 = Debug|x86
		{4929A27C-19FD-4500-9BCE-F82A989A1564}.Release|Any CPU.ActiveCfg = Release|Any CPU
		{4929A27C-19FD-4500-9BCE-F82A989A1564}.Release|Any CPU.Build.0 = Release|Any CPU
		{4929A27C-19FD-4500-9BCE-F82A989A1564}.Release|ARM.ActiveCfg = Release|ARM
		{4929A27C-19FD-4500-9BCE-F82A989A1564}.Release|ARM.Build.0 = Release|ARM
		{4929A27C-19FD-4500-9BCE-F82A989A1564}.Release|x64.ActiveCfg = Release|x64
		{4929A27C-19FD-4500-9BCE-F82A989A1564}.Release|x64.Build.0 = Release|x64
		{4929A27C-19FD-4500-9BCE-F82A989A1564}.Release|x86.ActiveCfg = Release|x86
		{4929A27C-19FD-4500-9BCE-F82A989A1564}.Release|x86.Build.0 = Release|x86
		{E9A7FCCF-6AA2-4612-8745-7A3C7A8DB6BE}.Debug|Any CPU.ActiveCfg = Debug|Any CPU
		{E9A7FCCF-6AA2-4612-8745-7A3C7A8DB6BE}.Debug|Any CPU.Build.0 = Debug|Any CPU
		{E9A7FCCF-6AA2-4612-8745-7A3C7A8DB6BE}.Debug|ARM.ActiveCfg = Debug|ARM
		{E9A7FCCF-6AA2-4612-8745-7A3C7A8DB6BE}.Debug|ARM.Build.0 = Debug|ARM
		{E9A7FCCF-6AA2-4612-8745-7A3C7A8DB6BE}.Debug|x64.ActiveCfg = Debug|x64
		{E9A7FCCF-6AA2-4612-8745-7A3C7A8DB6BE}.Debug|x64.Build.0 = Debug|x64
		{E9A7FCCF-6AA2-4612-8745-7A3C7A8DB6BE}.Debug|x86.ActiveCfg = Debug|x86
		{E9A7FCCF-6AA2-4612-8745-7A3C7A8DB6BE}.Debug|x86.Build.0 = Debug|x86
		{E9A7FCCF-6AA2-4612-8745-7A3C7A8DB6BE}.Release|Any CPU.ActiveCfg = Release|Any CPU
		{E9A7FCCF-6AA2-4612-8745-7A3C7A8DB6BE}.Release|Any CPU.Build.0 = Release|Any CPU
		{E9A7FCCF-6AA2-4612-8745-7A3C7A8DB6BE}.Release|ARM.ActiveCfg = Release|ARM
		{E9A7FCCF-6AA2-4612-8745-7A3C7A8DB6BE}.Release|ARM.Build.0 = Release|ARM
		{E9A7FCCF-6AA2-4612-8745-7A3C7A8DB6BE}.Release|x64.ActiveCfg = Release|x64
		{E9A7FCCF-6AA2-4612-8745-7A3C7A8DB6BE}.Release|x64.Build.0 = Release|x64
		{E9A7FCCF-6AA2-4612-8745-7A3C7A8DB6BE}.Release|x86.ActiveCfg = Release|x86
		{E9A7FCCF-6AA2-4612-8745-7A3C7A8DB6BE}.Release|x86.Build.0 = Release|x86
		{825AAC3F-88D0-4041-BCE0-C83BFD0697D5}.Debug|Any CPU.ActiveCfg = Debug|Any CPU
		{825AAC3F-88D0-4041-BCE0-C83BFD0697D5}.Debug|Any CPU.Build.0 = Debug|Any CPU
		{825AAC3F-88D0-4041-BCE0-C83BFD0697D5}.Debug|ARM.ActiveCfg = Debug|ARM
		{825AAC3F-88D0-4041-BCE0-C83BFD0697D5}.Debug|ARM.Build.0 = Debug|ARM
		{825AAC3F-88D0-4041-BCE0-C83BFD0697D5}.Debug|x64.ActiveCfg = Debug|x64
		{825AAC3F-88D0-4041-BCE0-C83BFD0697D5}.Debug|x64.Build.0 = Debug|x64
		{825AAC3F-88D0-4041-BCE0-C83BFD0697D5}.Debug|x86.ActiveCfg = Debug|x86
		{825AAC3F-88D0-4041-BCE0-C83BFD0697D5}.Debug|x86.Build.0 = Debug|x86
		{825AAC3F-88D0-4041-BCE0-C83BFD0697D5}.Release|Any CPU.ActiveCfg = Release|Any CPU
		{825AAC3F-88D0-4041-BCE0-C83BFD0697D5}.Release|Any CPU.Build.0 = Release|Any CPU
		{825AAC3F-88D0-4041-BCE0-C83BFD0697D5}.Release|ARM.ActiveCfg = Release|ARM
		{825AAC3F-88D0-4041-BCE0-C83BFD0697D5}.Release|ARM.Build.0 = Release|ARM
		{825AAC3F-88D0-4041-BCE0-C83BFD0697D5}.Release|x64.ActiveCfg = Release|x64
		{825AAC3F-88D0-4041-BCE0-C83BFD0697D5}.Release|x64.Build.0 = Release|x64
		{825AAC3F-88D0-4041-BCE0-C83BFD0697D5}.Release|x86.ActiveCfg = Release|x86
		{825AAC3F-88D0-4041-BCE0-C83BFD0697D5}.Release|x86.Build.0 = Release|x86
		{517E918B-7092-4749-8A99-CFBEFCC0CBDA}.Debug|Any CPU.ActiveCfg = Debug|x86
		{517E918B-7092-4749-8A99-CFBEFCC0CBDA}.Debug|ARM.ActiveCfg = Debug|ARM
		{517E918B-7092-4749-8A99-CFBEFCC0CBDA}.Debug|ARM.Build.0 = Debug|ARM
		{517E918B-7092-4749-8A99-CFBEFCC0CBDA}.Debug|ARM.Deploy.0 = Debug|ARM
		{517E918B-7092-4749-8A99-CFBEFCC0CBDA}.Debug|x64.ActiveCfg = Debug|x64
		{517E918B-7092-4749-8A99-CFBEFCC0CBDA}.Debug|x64.Build.0 = Debug|x64
		{517E918B-7092-4749-8A99-CFBEFCC0CBDA}.Debug|x64.Deploy.0 = Debug|x64
		{517E918B-7092-4749-8A99-CFBEFCC0CBDA}.Debug|x86.ActiveCfg = Debug|x86
		{517E918B-7092-4749-8A99-CFBEFCC0CBDA}.Debug|x86.Build.0 = Debug|x86
		{517E918B-7092-4749-8A99-CFBEFCC0CBDA}.Debug|x86.Deploy.0 = Debug|x86
		{517E918B-7092-4749-8A99-CFBEFCC0CBDA}.Release|Any CPU.ActiveCfg = Release|x86
		{517E918B-7092-4749-8A99-CFBEFCC0CBDA}.Release|ARM.ActiveCfg = Release|ARM
		{517E918B-7092-4749-8A99-CFBEFCC0CBDA}.Release|ARM.Build.0 = Release|ARM
		{517E918B-7092-4749-8A99-CFBEFCC0CBDA}.Release|ARM.Deploy.0 = Release|ARM
		{517E918B-7092-4749-8A99-CFBEFCC0CBDA}.Release|x64.ActiveCfg = Release|x64
		{517E918B-7092-4749-8A99-CFBEFCC0CBDA}.Release|x64.Build.0 = Release|x64
		{517E918B-7092-4749-8A99-CFBEFCC0CBDA}.Release|x64.Deploy.0 = Release|x64
		{517E918B-7092-4749-8A99-CFBEFCC0CBDA}.Release|x86.ActiveCfg = Release|x86
		{517E918B-7092-4749-8A99-CFBEFCC0CBDA}.Release|x86.Build.0 = Release|x86
		{517E918B-7092-4749-8A99-CFBEFCC0CBDA}.Release|x86.Deploy.0 = Release|x86
	EndGlobalSection
	GlobalSection(SolutionProperties) = preSolution
		HideSolutionNode = FALSE
	EndGlobalSection
EndGlobal
